
Microsoft Visual Studio Solution File, Format Version 11.00
# Visual Studio 2010
Project("{FAE04EC0-301F-11D3-BF4B-00C04F79EFBC}") = "Assembly-CSharp", "Assembly-CSharp.csproj", "{BC55A2FE-8E88-2F4D-614F-D92EDC14AE23}"
EndProject
Project("{FAE04EC0-301F-11D3-BF4B-00C04F79EFBC}") = "PhotonUnityNetworking.Demos", "PhotonUnityNetworking.Demos.csproj", "{7616EDAB-85FF-5532-E813-012AB371AC84}"
EndProject
Project("{FAE04EC0-301F-11D3-BF4B-00C04F79EFBC}") = "PhotonUnityNetworking.Utilities", "PhotonUnityNetworking.Utilities.csproj", "{EE535A2C-EA28-3CEA-32E6-A733C95F4461}"
EndProject
Project("{FAE04EC0-301F-11D3-BF4B-00C04F79EFBC}") = "PhotonChat", "PhotonChat.csproj", "{602A478A-A402-A5BE-3BFF-15BE48C5EC5F}"
EndProject
Project("{FAE04EC0-301F-11D3-BF4B-00C04F79EFBC}") = "PhotonUnityNetworking", "PhotonUnityNetworking.csproj", "{B44A6DCB-F540-6501-814B-0E82AD178063}"
EndProject
Project("{FAE04EC0-301F-11D3-BF4B-00C04F79EFBC}") = "Assembly-CSharp-firstpass", "Assembly-CSharp-firstpass.csproj", "{D7B10267-0A1E-DF89-061A-E2053C3DACCD}"
EndProject
Project("{FAE04EC0-301F-11D3-BF4B-00C04F79EFBC}") = "PhotonRealtime", "PhotonRealtime.csproj", "{8D3BB059-41CD-271A-2F34-8616E1387236}"
EndProject
Project("{FAE04EC0-301F-11D3-BF4B-00C04F79EFBC}") = "PhotonWebSocket", "PhotonWebSocket.csproj", "{CF78AAEF-0396-C98B-B6C2-C0326A713D90}"
EndProject
Project("{FAE04EC0-301F-11D3-BF4B-00C04F79EFBC}") = "Assembly-CSharp-Editor", "Assembly-CSharp-Editor.csproj", "{55AC651E-ACDE-1298-77D9-2734656078B9}"
EndProject
Project("{FAE04EC0-301F-11D3-BF4B-00C04F79EFBC}") = "Assembly-CSharp-Editor-firstpass", "Assembly-CSharp-Editor-firstpass.csproj", "{BF7B09E9-0E79-38E0-E4D1-85F6B416E3D5}"
EndProject
Project("{FAE04EC0-301F-11D3-BF4B-00C04F79EFBC}") = "PhotonUnityNetworking.Editor", "PhotonUnityNetworking.Editor.csproj", "{0CFA4E51-8D16-38CC-B1ED-5491666EF2CF}"
EndProject
Project("{FAE04EC0-301F-11D3-BF4B-00C04F79EFBC}") = "PunDemos.DemoHubEditor", "PunDemos.DemoHubEditor.csproj", "{39898EF3-5104-0E01-1A38-6AA7286CEE90}"
EndProject
Project("{FAE04EC0-301F-11D3-BF4B-00C04F79EFBC}") = "PhotonUnityNetworking.Utilities.PhotonPlayer.Editor", "PhotonUnityNetworking.Utilities.PhotonPlayer.Editor.csproj", "{A54294E9-CDCE-8236-75B6-023E9CDDB70E}"
EndProject
Project("{FAE04EC0-301F-11D3-BF4B-00C04F79EFBC}") = "PhotonUnityNetworking.Utilities.Culling.Editor", "PhotonUnityNetworking.Utilities.Culling.Editor.csproj", "{24D15EC7-3AC5-1926-8846-27E2A1406B42}"
EndProject
Project("{FAE04EC0-301F-11D3-BF4B-00C04F79EFBC}") = "PunDemos.DemoSlotcarEditor", "PunDemos.DemoSlotcarEditor.csproj", "{3C1A41A2-2D8F-7F57-8AC8-5C2B87C6D5FF}"
EndProject
Global
	GlobalSection(SolutionConfigurationPlatforms) = preSolution
		Debug|Any CPU = Debug|Any CPU
		Release|Any CPU = Release|Any CPU
	EndGlobalSection
	GlobalSection(ProjectConfigurationPlatforms) = postSolution
		{BC55A2FE-8E88-2F4D-614F-D92EDC14AE23}.Debug|Any CPU.ActiveCfg = Debug|Any CPU
		{BC55A2FE-8E88-2F4D-614F-D92EDC14AE23}.Debug|Any CPU.Build.0 = Debug|Any CPU
		{BC55A2FE-8E88-2F4D-614F-D92EDC14AE23}.Release|Any CPU.ActiveCfg = Release|Any CPU
		{BC55A2FE-8E88-2F4D-614F-D92EDC14AE23}.Release|Any CPU.Build.0 = Release|Any CPU
		{7616EDAB-85FF-5532-E813-012AB371AC84}.Debug|Any CPU.ActiveCfg = Debug|Any CPU
		{7616EDAB-85FF-5532-E813-012AB371AC84}.Debug|Any CPU.Build.0 = Debug|Any CPU
		{7616EDAB-85FF-5532-E813-012AB371AC84}.Release|Any CPU.ActiveCfg = Release|Any CPU
		{7616EDAB-85FF-5532-E813-012AB371AC84}.Release|Any CPU.Build.0 = Release|Any CPU
		{EE535A2C-EA28-3CEA-32E6-A733C95F4461}.Debug|Any CPU.ActiveCfg = Debug|Any CPU
		{EE535A2C-EA28-3CEA-32E6-A733C95F4461}.Debug|Any CPU.Build.0 = Debug|Any CPU
		{EE535A2C-EA28-3CEA-32E6-A733C95F4461}.Release|Any CPU.ActiveCfg = Release|Any CPU
		{EE535A2C-EA28-3CEA-32E6-A733C95F4461}.Release|Any CPU.Build.0 = Release|Any CPU
		{602A478A-A402-A5BE-3BFF-15BE48C5EC5F}.Debug|Any CPU.ActiveCfg = Debug|Any CPU
		{602A478A-A402-A5BE-3BFF-15BE48C5EC5F}.Debug|Any CPU.Build.0 = Debug|Any CPU
		{602A478A-A402-A5BE-3BFF-15BE48C5EC5F}.Release|Any CPU.ActiveCfg = Release|Any CPU
		{602A478A-A402-A5BE-3BFF-15BE48C5EC5F}.Release|Any CPU.Build.0 = Release|Any CPU
		{B44A6DCB-F540-6501-814B-0E82AD178063}.Debug|Any CPU.ActiveCfg = Debug|Any CPU
		{B44A6DCB-F540-6501-814B-0E82AD178063}.Debug|Any CPU.Build.0 = Debug|Any CPU
		{B44A6DCB-F540-6501-814B-0E82AD178063}.Release|Any CPU.ActiveCfg = Release|Any CPU
		{B44A6DCB-F540-6501-814B-0E82AD178063}.Release|Any CPU.Build.0 = Release|Any CPU
		{D7B10267-0A1E-DF89-061A-E2053C3DACCD}.Debug|Any CPU.ActiveCfg = Debug|Any CPU
		{D7B10267-0A1E-DF89-061A-E2053C3DACCD}.Debug|Any CPU.Build.0 = Debug|Any CPU
		{D7B10267-0A1E-DF89-061A-E2053C3DACCD}.Release|Any CPU.ActiveCfg = Release|Any CPU
		{D7B10267-0A1E-DF89-061A-E2053C3DACCD}.Release|Any CPU.Build.0 = Release|Any CPU
		{8D3BB059-41CD-271A-2F34-8616E1387236}.Debug|Any CPU.ActiveCfg = Debug|Any CPU
		{8D3BB059-41CD-271A-2F34-8616E1387236}.Debug|Any CPU.Build.0 = Debug|Any CPU
		{8D3BB059-41CD-271A-2F34-8616E1387236}.Release|Any CPU.ActiveCfg = Release|Any CPU
		{8D3BB059-41CD-271A-2F34-8616E1387236}.Release|Any CPU.Build.0 = Release|Any CPU
		{CF78AAEF-0396-C98B-B6C2-C0326A713D90}.Debug|Any CPU.ActiveCfg = Debug|Any CPU
		{CF78AAEF-0396-C98B-B6C2-C0326A713D90}.Debug|Any CPU.Build.0 = Debug|Any CPU
		{CF78AAEF-0396-C98B-B6C2-C0326A713D90}.Release|Any CPU.ActiveCfg = Release|Any CPU
		{CF78AAEF-0396-C98B-B6C2-C0326A713D90}.Release|Any CPU.Build.0 = Release|Any CPU
		{55AC651E-ACDE-1298-77D9-2734656078B9}.Debug|Any CPU.ActiveCfg = Debug|Any CPU
		{55AC651E-ACDE-1298-77D9-2734656078B9}.Debug|Any CPU.Build.0 = Debug|Any CPU
		{55AC651E-ACDE-1298-77D9-2734656078B9}.Release|Any CPU.ActiveCfg = Release|Any CPU
		{55AC651E-ACDE-1298-77D9-2734656078B9}.Release|Any CPU.Build.0 = Release|Any CPU
		{BF7B09E9-0E79-38E0-E4D1-85F6B416E3D5}.Debug|Any CPU.ActiveCfg = Debug|Any CPU
		{BF7B09E9-0E79-38E0-E4D1-85F6B416E3D5}.Debug|Any CPU.Build.0 = Debug|Any CPU
		{BF7B09E9-0E79-38E0-E4D1-85F6B416E3D5}.Release|Any CPU.ActiveCfg = Release|Any CPU
		{BF7B09E9-0E79-38E0-E4D1-85F6B416E3D5}.Release|Any CPU.Build.0 = Release|Any CPU
		{0CFA4E51-8D16-38CC-B1ED-5491666EF2CF}.Debug|Any CPU.ActiveCfg = Debug|Any CPU
		{0CFA4E51-8D16-38CC-B1ED-5491666EF2CF}.Debug|Any CPU.Build.0 = Debug|Any CPU
		{0CFA4E51-8D16-38CC-B1ED-5491666EF2CF}.Release|Any CPU.ActiveCfg = Release|Any CPU
		{0CFA4E51-8D16-38CC-B1ED-5491666EF2CF}.Release|Any CPU.Build.0 = Release|Any CPU
		{39898EF3-5104-0E01-1A38-6AA7286CEE90}.Debug|Any CPU.ActiveCfg = Debug|Any CPU
		{39898EF3-5104-0E01-1A38-6AA7286CEE90}.Debug|Any CPU.Build.0 = Debug|Any CPU
		{39898EF3-5104-0E01-1A38-6AA7286CEE90}.Release|Any CPU.ActiveCfg = Release|Any CPU
		{39898EF3-5104-0E01-1A38-6AA7286CEE90}.Release|Any CPU.Build.0 = Release|Any CPU
		{A54294E9-CDCE-8236-75B6-023E9CDDB70E}.Debug|Any CPU.ActiveCfg = Debug|Any CPU
		{A54294E9-CDCE-8236-75B6-023E9CDDB70E}.Debug|Any CPU.Build.0 = Debug|Any CPU
		{A54294E9-CDCE-8236-75B6-023E9CDDB70E}.Release|Any CPU.ActiveCfg = Release|Any CPU
		{A54294E9-CDCE-8236-75B6-023E9CDDB70E}.Release|Any CPU.Build.0 = Release|Any CPU
		{24D15EC7-3AC5-1926-8846-27E2A1406B42}.Debug|Any CPU.ActiveCfg = Debug|Any CPU
		{24D15EC7-3AC5-1926-8846-27E2A1406B42}.Debug|Any CPU.Build.0 = Debug|Any CPU
		{24D15EC7-3AC5-1926-8846-27E2A1406B42}.Release|Any CPU.ActiveCfg = Release|Any CPU
		{24D15EC7-3AC5-1926-8846-27E2A1406B42}.Release|Any CPU.Build.0 = Release|Any CPU
		{3C1A41A2-2D8F-7F57-8AC8-5C2B87C6D5FF}.Debug|Any CPU.ActiveCfg = Debug|Any CPU
		{3C1A41A2-2D8F-7F57-8AC8-5C2B87C6D5FF}.Debug|Any CPU.Build.0 = Debug|Any CPU
		{3C1A41A2-2D8F-7F57-8AC8-5C2B87C6D5FF}.Release|Any CPU.ActiveCfg = Release|Any CPU
		{3C1A41A2-2D8F-7F57-8AC8-5C2B87C6D5FF}.Release|Any CPU.Build.0 = Release|Any CPU
	EndGlobalSection
	GlobalSection(SolutionProperties) = preSolution
		HideSolutionNode = FALSE
	EndGlobalSection
	GlobalSection(MonoDevelopProperties) = preSolution
		StartupItem = Assembly-CSharp.csproj
	EndGlobalSection
EndGlobal
